// !$*UTF8*$!
{
	archiveVersion = 1;
	classes = {
	};
	objectVersion = 46;
	objects = {

/* Begin PBXBuildFile section */
		3F47BC261EC4CA2D00E10EB8 /* AppDelegate.swift in Sources */ = {isa = PBXBuildFile; fileRef = 3F47BC251EC4CA2D00E10EB8 /* AppDelegate.swift */; };
		3F47BC281EC4CA2D00E10EB8 /* MasterViewController.swift in Sources */ = {isa = PBXBuildFile; fileRef = 3F47BC271EC4CA2D00E10EB8 /* MasterViewController.swift */; };
		3F47BC2A1EC4CA2D00E10EB8 /* DetailViewController.swift in Sources */ = {isa = PBXBuildFile; fileRef = 3F47BC291EC4CA2D00E10EB8 /* DetailViewController.swift */; };
		3F47BC2D1EC4CA2D00E10EB8 /* Main.storyboard in Resources */ = {isa = PBXBuildFile; fileRef = 3F47BC2B1EC4CA2D00E10EB8 /* Main.storyboard */; };
		3F47BC2F1EC4CA2D00E10EB8 /* Assets.xcassets in Resources */ = {isa = PBXBuildFile; fileRef = 3F47BC2E1EC4CA2D00E10EB8 /* Assets.xcassets */; };
		3F47BC321EC4CA2D00E10EB8 /* LaunchScreen.storyboard in Resources */ = {isa = PBXBuildFile; fileRef = 3F47BC301EC4CA2D00E10EB8 /* LaunchScreen.storyboard */; };
		3F47BC3D1EC4CA2D00E10EB8 /* Youtube_PlaylistTests.swift in Sources */ = {isa = PBXBuildFile; fileRef = 3F47BC3C1EC4CA2D00E10EB8 /* Youtube_PlaylistTests.swift */; };
		3F47BC481EC4CA2D00E10EB8 /* Youtube_PlaylistUITests.swift in Sources */ = {isa = PBXBuildFile; fileRef = 3F47BC471EC4CA2D00E10EB8 /* Youtube_PlaylistUITests.swift */; };
		3F47BC561EC4CAD500E10EB8 /* Video.swift in Sources */ = {isa = PBXBuildFile; fileRef = 3F47BC551EC4CAD500E10EB8 /* Video.swift */; };
/* End PBXBuildFile section */

/* Begin PBXContainerItemProxy section */
		3F47BC391EC4CA2D00E10EB8 /* PBXContainerItemProxy */ = {
			isa = PBXContainerItemProxy;
			containerPortal = 3F47BC1A1EC4CA2D00E10EB8 /* Project object */;
			proxyType = 1;
			remoteGlobalIDString = 3F47BC211EC4CA2D00E10EB8;
			remoteInfo = "Youtube Playlist";
		};
		3F47BC441EC4CA2D00E10EB8 /* PBXContainerItemProxy */ = {
			isa = PBXContainerItemProxy;
			containerPortal = 3F47BC1A1EC4CA2D00E10EB8 /* Project object */;
			proxyType = 1;
			remoteGlobalIDString = 3F47BC211EC4CA2D00E10EB8;
			remoteInfo = "Youtube Playlist";
		};
/* End PBXContainerItemProxy section */

/* Begin PBXFileReference section */
		3F47BC221EC4CA2D00E10EB8 /* Youtube Playlist.app */ = {isa = PBXFileReference; explicitFileType = wrapper.application; includeInIndex = 0; path = "Youtube Playlist.app"; sourceTree = BUILT_PRODUCTS_DIR; };
		3F47BC251EC4CA2D00E10EB8 /* AppDelegate.swift */ = {isa = PBXFileReference; lastKnownFileType = sourcecode.swift; path = AppDelegate.swift; sourceTree = "<group>"; };
		3F47BC271EC4CA2D00E10EB8 /* MasterViewController.swift */ = {isa = PBXFileReference; lastKnownFileType = sourcecode.swift; path = MasterViewController.swift; sourceTree = "<group>"; };
		3F47BC291EC4CA2D00E10EB8 /* DetailViewController.swift */ = {isa = PBXFileReference; lastKnownFileType = sourcecode.swift; path = DetailViewController.swift; sourceTree = "<group>"; };
		3F47BC2C1EC4CA2D00E10EB8 /* Base */ = {isa = PBXFileReference; lastKnownFileType = file.storyboard; name = Base; path = Base.lproj/Main.storyboard; sourceTree = "<group>"; };
		3F47BC2E1EC4CA2D00E10EB8 /* Assets.xcassets */ = {isa = PBXFileReference; lastKnownFileType = folder.assetcatalog; path = Assets.xcassets; sourceTree = "<group>"; };
		3F47BC311EC4CA2D00E10EB8 /* Base */ = {isa = PBXFileReference; lastKnownFileType = file.storyboard; name = Base; path = Base.lproj/LaunchScreen.storyboard; sourceTree = "<group>"; };
		3F47BC331EC4CA2D00E10EB8 /* Info.plist */ = {isa = PBXFileReference; lastKnownFileType = text.plist.xml; path = Info.plist; sourceTree = "<group>"; };
		3F47BC381EC4CA2D00E10EB8 /* Youtube PlaylistTests.xctest */ = {isa = PBXFileReference; explicitFileType = wrapper.cfbundle; includeInIndex = 0; path = "Youtube PlaylistTests.xctest"; sourceTree = BUILT_PRODUCTS_DIR; };
		3F47BC3C1EC4CA2D00E10EB8 /* Youtube_PlaylistTests.swift */ = {isa = PBXFileReference; lastKnownFileType = sourcecode.swift; path = Youtube_PlaylistTests.swift; sourceTree = "<group>"; };
		3F47BC3E1EC4CA2D00E10EB8 /* Info.plist */ = {isa = PBXFileReference; lastKnownFileType = text.plist.xml; path = Info.plist; sourceTree = "<group>"; };
		3F47BC431EC4CA2D00E10EB8 /* Youtube PlaylistUITests.xctest */ = {isa = PBXFileReference; explicitFileType = wrapper.cfbundle; includeInIndex = 0; path = "Youtube PlaylistUITests.xctest"; sourceTree = BUILT_PRODUCTS_DIR; };
		3F47BC471EC4CA2D00E10EB8 /* Youtube_PlaylistUITests.swift */ = {isa = PBXFileReference; lastKnownFileType = sourcecode.swift; path = Youtube_PlaylistUITests.swift; sourceTree = "<group>"; };
		3F47BC491EC4CA2D00E10EB8 /* Info.plist */ = {isa = PBXFileReference; lastKnownFileType = text.plist.xml; path = Info.plist; sourceTree = "<group>"; };
		3F47BC551EC4CAD500E10EB8 /* Video.swift */ = {isa = PBXFileReference; fileEncoding = 4; lastKnownFileType = sourcecode.swift; path = Video.swift; sourceTree = "<group>"; };
/* End PBXFileReference section */

/* Begin PBXFrameworksBuildPhase section */
		3F47BC1F1EC4CA2D00E10EB8 /* Frameworks */ = {
			isa = PBXFrameworksBuildPhase;
			buildActionMask = 2147483647;
			files = (
			);
			runOnlyForDeploymentPostprocessing = 0;
		};
		3F47BC351EC4CA2D00E10EB8 /* Frameworks */ = {
			isa = PBXFrameworksBuildPhase;
			buildActionMask = 2147483647;
			files = (
			);
			runOnlyForDeploymentPostprocessing = 0;
		};
		3F47BC401EC4CA2D00E10EB8 /* Frameworks */ = {
			isa = PBXFrameworksBuildPhase;
			buildActionMask = 2147483647;
			files = (
			);
			runOnlyForDeploymentPostprocessing = 0;
		};
/* End PBXFrameworksBuildPhase section */

/* Begin PBXGroup section */
		3F47BC191EC4CA2D00E10EB8 = {
			isa = PBXGroup;
			children = (
				3F47BC241EC4CA2D00E10EB8 /* Youtube Playlist */,
				3F47BC3B1EC4CA2D00E10EB8 /* Youtube PlaylistTests */,
				3F47BC461EC4CA2D00E10EB8 /* Youtube PlaylistUITests */,
				3F47BC231EC4CA2D00E10EB8 /* Products */,
			);
			sourceTree = "<group>";
		};
		3F47BC231EC4CA2D00E10EB8 /* Products */ = {
			isa = PBXGroup;
			children = (
				3F47BC221EC4CA2D00E10EB8 /* Youtube Playlist.app */,
				3F47BC381EC4CA2D00E10EB8 /* Youtube PlaylistTests.xctest */,
				3F47BC431EC4CA2D00E10EB8 /* Youtube PlaylistUITests.xctest */,
			);
			name = Products;
			sourceTree = "<group>";
		};
		3F47BC241EC4CA2D00E10EB8 /* Youtube Playlist */ = {
			isa = PBXGroup;
			children = (
				3F47BC251EC4CA2D00E10EB8 /* AppDelegate.swift */,
				3F47BC271EC4CA2D00E10EB8 /* MasterViewController.swift */,
				3F47BC551EC4CAD500E10EB8 /* Video.swift */,
				3F47BC291EC4CA2D00E10EB8 /* DetailViewController.swift */,
				3F47BC2B1EC4CA2D00E10EB8 /* Main.storyboard */,
				3F47BC2E1EC4CA2D00E10EB8 /* Assets.xcassets */,
				3F47BC301EC4CA2D00E10EB8 /* LaunchScreen.storyboard */,
				3F47BC331EC4CA2D00E10EB8 /* Info.plist */,
			);
			path = "Youtube Playlist";
			sourceTree = "<group>";
		};
		3F47BC3B1EC4CA2D00E10EB8 /* Youtube PlaylistTests */ = {
			isa = PBXGroup;
			children = (
				3F47BC3C1EC4CA2D00E10EB8 /* Youtube_PlaylistTests.swift */,
				3F47BC3E1EC4CA2D00E10EB8 /* Info.plist */,
			);
			path = "Youtube PlaylistTests";
			sourceTree = "<group>";
		};
		3F47BC461EC4CA2D00E10EB8 /* Youtube PlaylistUITests */ = {
			isa = PBXGroup;
			children = (
				3F47BC471EC4CA2D00E10EB8 /* Youtube_PlaylistUITests.swift */,
				3F47BC491EC4CA2D00E10EB8 /* Info.plist */,
			);
			path = "Youtube PlaylistUITests";
			sourceTree = "<group>";
		};
/* End PBXGroup section */

/* Begin PBXNativeTarget section */
		3F47BC211EC4CA2D00E10EB8 /* Youtube Playlist */ = {
			isa = PBXNativeTarget;
			buildConfigurationList = 3F47BC4C1EC4CA2D00E10EB8 /* Build configuration list for PBXNativeTarget "Youtube Playlist" */;
			buildPhases = (
				3F47BC1E1EC4CA2D00E10EB8 /* Sources */,
				3F47BC1F1EC4CA2D00E10EB8 /* Frameworks */,
				3F47BC201EC4CA2D00E10EB8 /* Resources */,
			);
			buildRules = (
			);
			dependencies = (
			);
			name = "Youtube Playlist";
			productName = "Youtube Playlist";
			productReference = 3F47BC221EC4CA2D00E10EB8 /* Youtube Playlist.app */;
			productType = "com.apple.product-type.application";
		};
		3F47BC371EC4CA2D00E10EB8 /* Youtube PlaylistTests */ = {
			isa = PBXNativeTarget;
			buildConfigurationList = 3F47BC4F1EC4CA2D00E10EB8 /* Build configuration list for PBXNativeTarget "Youtube PlaylistTests" */;
			buildPhases = (
				3F47BC341EC4CA2D00E10EB8 /* Sources */,
				3F47BC351EC4CA2D00E10EB8 /* Frameworks */,
				3F47BC361EC4CA2D00E10EB8 /* Resources */,
			);
			buildRules = (
			);
			dependencies = (
				3F47BC3A1EC4CA2D00E10EB8 /* PBXTargetDependency */,
			);
			name = "Youtube PlaylistTests";
			productName = "Youtube PlaylistTests";
			productReference = 3F47BC381EC4CA2D00E10EB8 /* Youtube PlaylistTests.xctest */;
			productType = "com.apple.product-type.bundle.unit-test";
		};
		3F47BC421EC4CA2D00E10EB8 /* Youtube PlaylistUITests */ = {
			isa = PBXNativeTarget;
			buildConfigurationList = 3F47BC521EC4CA2D00E10EB8 /* Build configuration list for PBXNativeTarget "Youtube PlaylistUITests" */;
			buildPhases = (
				3F47BC3F1EC4CA2D00E10EB8 /* Sources */,
				3F47BC401EC4CA2D00E10EB8 /* Frameworks */,
				3F47BC411EC4CA2D00E10EB8 /* Resources */,
			);
			buildRules = (
			);
			dependencies = (
				3F47BC451EC4CA2D00E10EB8 /* PBXTargetDependency */,
			);
			name = "Youtube PlaylistUITests";
			productName = "Youtube PlaylistUITests";
			productReference = 3F47BC431EC4CA2D00E10EB8 /* Youtube PlaylistUITests.xctest */;
			productType = "com.apple.product-type.bundle.ui-testing";
		};
/* End PBXNativeTarget section */

/* Begin PBXProject section */
		3F47BC1A1EC4CA2D00E10EB8 /* Project object */ = {
			isa = PBXProject;
			attributes = {
				LastSwiftUpdateCheck = 0830;
				LastUpgradeCheck = 0830;
				ORGANIZATIONNAME = MRisser1;
				TargetAttributes = {
					3F47BC211EC4CA2D00E10EB8 = {
						CreatedOnToolsVersion = 8.3.2;
						ProvisioningStyle = Automatic;
					};
					3F47BC371EC4CA2D00E10EB8 = {
						CreatedOnToolsVersion = 8.3.2;
						ProvisioningStyle = Automatic;
						TestTargetID = 3F47BC211EC4CA2D00E10EB8;
					};
					3F47BC421EC4CA2D00E10EB8 = {
						CreatedOnToolsVersion = 8.3.2;
						ProvisioningStyle = Automatic;
						TestTargetID = 3F47BC211EC4CA2D00E10EB8;
					};
				};
			};
			buildConfigurationList = 3F47BC1D1EC4CA2D00E10EB8 /* Build configuration list for PBXProject "Youtube Playlist" */;
			compatibilityVersion = "Xcode 3.2";
			developmentRegion = English;
			hasScannedForEncodings = 0;
			knownRegions = (
				en,
				Base,
			);
			mainGroup = 3F47BC191EC4CA2D00E10EB8;
			productRefGroup = 3F47BC231EC4CA2D00E10EB8 /* Products */;
			projectDirPath = "";
			projectRoot = "";
			targets = (
				3F47BC211EC4CA2D00E10EB8 /* Youtube Playlist */,
				3F47BC371EC4CA2D00E10EB8 /* Youtube PlaylistTests */,
				3F47BC421EC4CA2D00E10EB8 /* Youtube PlaylistUITests */,
			);
		};
/* End PBXProject section */

/* Begin PBXResourcesBuildPhase section */
		3F47BC201EC4CA2D00E10EB8 /* Resources */ = {
			isa = PBXResourcesBuildPhase;
			buildActionMask = 2147483647;
			files = (
				3F47BC321EC4CA2D00E10EB8 /* LaunchScreen.storyboard in Resources */,
				3F47BC2F1EC4CA2D00E10EB8 /* Assets.xcassets in Resources */,
				3F47BC2D1EC4CA2D00E10EB8 /* Main.storyboard in Resources */,
			);
			runOnlyForDeploymentPostprocessing = 0;
		};
		3F47BC361EC4CA2D00E10EB8 /* Resources */ = {
			isa = PBXResourcesBuildPhase;
			buildActionMask = 2147483647;
			files = (
			);
			runOnlyForDeploymentPostprocessing = 0;
		};
		3F47BC411EC4CA2D00E10EB8 /* Resources */ = {
			isa = PBXResourcesBuildPhase;
			buildActionMask = 2147483647;
			files = (
			);
			runOnlyForDeploymentPostprocessing = 0;
		};
/* End PBXResourcesBuildPhase section */

/* Begin PBXSourcesBuildPhase section */
		3F47BC1E1EC4CA2D00E10EB8 /* Sources */ = {
			isa = PBXSourcesBuildPhase;
			buildActionMask = 2147483647;
			files = (
				3F47BC2A1EC4CA2D00E10EB8 /* DetailViewController.swift in Sources */,
				3F47BC561EC4CAD500E10EB8 /* Video.swift in Sources */,
				3F47BC281EC4CA2D00E10EB8 /* MasterViewController.swift in Sources */,
				3F47BC261EC4CA2D00E10EB8 /* AppDelegate.swift in Sources */,
			);
			runOnlyForDeploymentPostprocessing = 0;
		};
		3F47BC341EC4CA2D00E10EB8 /* Sources */ = {
			isa = PBXSourcesBuildPhase;
			buildActionMask = 2147483647;
			files = (
				3F47BC3D1EC4CA2D00E10EB8 /* Youtube_PlaylistTests.swift in Sources */,
			);
			runOnlyForDeploymentPostprocessing = 0;
		};
		3F47BC3F1EC4CA2D00E10EB8 /* Sources */ = {
			isa = PBXSourcesBuildPhase;
			buildActionMask = 2147483647;
			files = (
				3F47BC481EC4CA2D00E10EB8 /* Youtube_PlaylistUITests.swift in Sources */,
			);
			runOnlyForDeploymentPostprocessing = 0;
		};
/* End PBXSourcesBuildPhase section */

/* Begin PBXTargetDependency section */
		3F47BC3A1EC4CA2D00E10EB8 /* PBXTargetDependency */ = {
			isa = PBXTargetDependency;
			target = 3F47BC211EC4CA2D00E10EB8 /* Youtube Playlist */;
			targetProxy = 3F47BC391EC4CA2D00E10EB8 /* PBXContainerItemProxy */;
		};
		3F47BC451EC4CA2D00E10EB8 /* PBXTargetDependency */ = {
			isa = PBXTargetDependency;
			target = 3F47BC211EC4CA2D00E10EB8 /* Youtube Playlist */;
			targetProxy = 3F47BC441EC4CA2D00E10EB8 /* PBXContainerItemProxy */;
		};
/* End PBXTargetDependency section */

/* Begin PBXVariantGroup section */
		3F47BC2B1EC4CA2D00E10EB8 /* Main.storyboard */ = {
			isa = PBXVariantGroup;
			children = (
				3F47BC2C1EC4CA2D00E10EB8 /* Base */,
			);
			name = Main.storyboard;
			sourceTree = "<group>";
		};
		3F47BC301EC4CA2D00E10EB8 /* LaunchScreen.storyboard */ = {
			isa = PBXVariantGroup;
			children = (
				3F47BC311EC4CA2D00E10EB8 /* Base */,
			);
			name = LaunchScreen.storyboard;
			sourceTree = "<group>";
		};
/* End PBXVariantGroup section */

/* Begin XCBuildConfiguration section */
		3F47BC4A1EC4CA2D00E10EB8 /* Debug */ = {
			isa = XCBuildConfiguration;
			buildSettings = {
				ALWAYS_SEARCH_USER_PATHS = NO;
				CLANG_ANALYZER_NONNULL = YES;
				CLANG_ANALYZER_NUMBER_OBJECT_CONVERSION = YES_AGGRESSIVE;
				CLANG_CXX_LANGUAGE_STANDARD = "gnu++0x";
				CLANG_CXX_LIBRARY = "libc++";
				CLANG_ENABLE_MODULES = YES;
				CLANG_ENABLE_OBJC_ARC = YES;
				CLANG_WARN_BOOL_CONVERSION = YES;
				CLANG_WARN_CONSTANT_CONVERSION = YES;
				CLANG_WARN_DIRECT_OBJC_ISA_USAGE = YES_ERROR;
				CLANG_WARN_DOCUMENTATION_COMMENTS = YES;
				CLANG_WARN_EMPTY_BODY = YES;
				CLANG_WARN_ENUM_CONVERSION = YES;
				CLANG_WARN_INFINITE_RECURSION = YES;
				CLANG_WARN_INT_CONVERSION = YES;
				CLANG_WARN_OBJC_ROOT_CLASS = YES_ERROR;
				CLANG_WARN_SUSPICIOUS_MOVE = YES;
				CLANG_WARN_UNREACHABLE_CODE = YES;
				CLANG_WARN__DUPLICATE_METHOD_MATCH = YES;
				"CODE_SIGN_IDENTITY[sdk=iphoneos*]" = "iPhone Developer";
				COPY_PHASE_STRIP = NO;
				DEBUG_INFORMATION_FORMAT = dwarf;
				ENABLE_STRICT_OBJC_MSGSEND = YES;
				ENABLE_TESTABILITY = YES;
				GCC_C_LANGUAGE_STANDARD = gnu99;
				GCC_DYNAMIC_NO_PIC = NO;
				GCC_NO_COMMON_BLOCKS = YES;
				GCC_OPTIMIZATION_LEVEL = 0;
				GCC_PREPROCESSOR_DEFINITIONS = (
					"DEBUG=1",
					"$(inherited)",
				);
				GCC_WARN_64_TO_32_BIT_CONVERSION = YES;
				GCC_WARN_ABOUT_RETURN_TYPE = YES_ERROR;
				GCC_WARN_UNDECLARED_SELECTOR = YES;
				GCC_WARN_UNINITIALIZED_AUTOS = YES_AGGRESSIVE;
				GCC_WARN_UNUSED_FUNCTION = YES;
				GCC_WARN_UNUSED_VARIABLE = YES;
				IPHONEOS_DEPLOYMENT_TARGET = 10.3;
				MTL_ENABLE_DEBUG_INFO = YES;
				ONLY_ACTIVE_ARCH = YES;
				SDKROOT = iphoneos;
				SWIFT_ACTIVE_COMPILATION_CONDITIONS = DEBUG;
				SWIFT_OPTIMIZATION_LEVEL = "-Onone";
				TARGETED_DEVICE_FAMILY = "1,2";
			};
			name = Debug;
		};
		3F47BC4B1EC4CA2D00E10EB8 /* Release */ = {
			isa = XCBuildConfiguration;
			buildSettings = {
				ALWAYS_SEARCH_USER_PATHS = NO;
				CLANG_ANALYZER_NONNULL = YES;
				CLANG_ANALYZER_NUMBER_OBJECT_CONVERSION = YES_AGGRESSIVE;
				CLANG_CXX_LANGUAGE_STANDARD = "gnu++0x";
				CLANG_CXX_LIBRARY = "libc++";
				CLANG_ENABLE_MODULES = YES;
				CLANG_ENABLE_OBJC_ARC = YES;
				CLANG_WARN_BOOL_CONVERSION = YES;
				CLANG_WARN_CONSTANT_CONVERSION = YES;
				CLANG_WARN_DIRECT_OBJC_ISA_USAGE = YES_ERROR;
				CLANG_WARN_DOCUMENTATION_COMMENTS = YES;
				CLANG_WARN_EMPTY_BODY = YES;
				CLANG_WARN_ENUM_CONVERSION = YES;
				CLANG_WARN_INFINITE_RECURSION = YES;
				CLANG_WARN_INT_CONVERSION = YES;
				CLANG_WARN_OBJC_ROOT_CLASS = YES_ERROR;
				CLANG_WARN_SUSPICIOUS_MOVE = YES;
				CLANG_WARN_UNREACHABLE_CODE = YES;
				CLANG_WARN__DUPLICATE_METHOD_MATCH = YES;
				"CODE_SIGN_IDENTITY[sdk=iphoneos*]" = "iPhone Developer";
				COPY_PHASE_STRIP = NO;
				DEBUG_INFORMATION_FORMAT = "dwarf-with-dsym";
				ENABLE_NS_ASSERTIONS = NO;
				ENABLE_STRICT_OBJC_MSGSEND = YES;
				GCC_C_LANGUAGE_STANDARD = gnu99;
				GCC_NO_COMMON_BLOCKS = YES;
				GCC_WARN_64_TO_32_BIT_CONVERSION = YES;
				GCC_WARN_ABOUT_RETURN_TYPE = YES_ERROR;
				GCC_WARN_UNDECLARED_SELECTOR = YES;
				GCC_WARN_UNINITIALIZED_AUTOS = YES_AGGRESSIVE;
				GCC_WARN_UNUSED_FUNCTION = YES;
				GCC_WARN_UNUSED_VARIABLE = YES;
				IPHONEOS_DEPLOYMENT_TARGET = 10.3;
				MTL_ENABLE_DEBUG_INFO = NO;
				SDKROOT = iphoneos;
				SWIFT_OPTIMIZATION_LEVEL = "-Owholemodule";
				TARGETED_DEVICE_FAMILY = "1,2";
				VALIDATE_PRODUCT = YES;
			};
			name = Release;
		};
		3F47BC4D1EC4CA2D00E10EB8 /* Debug */ = {
			isa = XCBuildConfiguration;
			buildSettings = {
				ASSETCATALOG_COMPILER_APPICON_NAME = AppIcon;
				INFOPLIST_FILE = "Youtube Playlist/Info.plist";
				LD_RUNPATH_SEARCH_PATHS = "$(inherited) @executable_path/Frameworks";
				PRODUCT_BUNDLE_IDENTIFIER = "The.Youtube-Playlist";
				PRODUCT_NAME = "$(TARGET_NAME)";
				SWIFT_VERSION = 3.0;
			};
			name = Debug;
		};
		3F47BC4E1EC4CA2D00E10EB8 /* Release */ = {
			isa = XCBuildConfiguration;
			buildSettings = {
				ASSETCATALOG_COMPILER_APPICON_NAME = AppIcon;
				INFOPLIST_FILE = "Youtube Playlist/Info.plist";
				LD_RUNPATH_SEARCH_PATHS = "$(inherited) @executable_path/Frameworks";
				PRODUCT_BUNDLE_IDENTIFIER = "The.Youtube-Playlist";
				PRODUCT_NAME = "$(TARGET_NAME)";
				SWIFT_VERSION = 3.0;
			};
			name = Release;
		};
		3F47BC501EC4CA2D00E10EB8 /* Debug */ = {
			isa = XCBuildConfiguration;
			buildSettings = {
				ALWAYS_EMBED_SWIFT_STANDARD_LIBRARIES = YES;
				BUNDLE_LOADER = "$(TEST_HOST)";
				INFOPLIST_FILE = "Youtube PlaylistTests/Info.plist";
				LD_RUNPATH_SEARCH_PATHS = "$(inherited) @executable_path/Frameworks @loader_path/Frameworks";
				PRODUCT_BUNDLE_IDENTIFIER = "The.Youtube-PlaylistTests";
				PRODUCT_NAME = "$(TARGET_NAME)";
				SWIFT_VERSION = 3.0;
				TEST_HOST = "$(BUILT_PRODUCTS_DIR)/Youtube Playlist.app/Youtube Playlist";
			};
			name = Debug;
		};
		3F47BC511EC4CA2D00E10EB8 /* Release */ = {
			isa = XCBuildConfiguration;
			buildSettings = {
				ALWAYS_EMBED_SWIFT_STANDARD_LIBRARIES = YES;
				BUNDLE_LOADER = "$(TEST_HOST)";
				INFOPLIST_FILE = "Youtube PlaylistTests/Info.plist";
				LD_RUNPATH_SEARCH_PATHS = "$(inherited) @executable_path/Frameworks @loader_path/Frameworks";
				PRODUCT_BUNDLE_IDENTIFIER = "The.Youtube-PlaylistTests";
				PRODUCT_NAME = "$(TARGET_NAME)";
				SWIFT_VERSION = 3.0;
				TEST_HOST = "$(BUILT_PRODUCTS_DIR)/Youtube Playlist.app/Youtube Playlist";
			};
			name = Release;
		};
		3F47BC531EC4CA2D00E10EB8 /* Debug */ = {
			isa = XCBuildConfiguration;
			buildSettings = {
				ALWAYS_EMBED_SWIFT_STANDARD_LIBRARIES = YES;
				INFOPLIST_FILE = "Youtube PlaylistUITests/Info.plist";
				LD_RUNPATH_SEARCH_PATHS = "$(inherited) @executable_path/Frameworks @loader_path/Frameworks";
				PRODUCT_BUNDLE_IDENTIFIER = "The.Youtube-PlaylistUITests";
				PRODUCT_NAME = "$(TARGET_NAME)";
				SWIFT_VERSION = 3.0;
				TEST_TARGET_NAME = "Youtube Playlist";
			};
			name = Debug;
		};
		3F47BC541EC4CA2D00E10EB8 /* Release */ = {
			isa = XCBuildConfiguration;
			buildSettings = {
				ALWAYS_EMBED_SWIFT_STANDARD_LIBRARIES = YES;
				INFOPLIST_FILE = "Youtube PlaylistUITests/Info.plist";
				LD_RUNPATH_SEARCH_PATHS = "$(inherited) @executable_path/Frameworks @loader_path/Frameworks";
				PRODUCT_BUNDLE_IDENTIFIER = "The.Youtube-PlaylistUITests";
				PRODUCT_NAME = "$(TARGET_NAME)";
				SWIFT_VERSION = 3.0;
				TEST_TARGET_NAME = "Youtube Playlist";
			};
			name = Release;
		};
/* End XCBuildConfiguration section */

/* Begin XCConfigurationList section */
		3F47BC1D1EC4CA2D00E10EB8 /* Build configuration list for PBXProject "Youtube Playlist" */ = {
			isa = XCConfigurationList;
			buildConfigurations = (
				3F47BC4A1EC4CA2D00E10EB8 /* Debug */,
				3F47BC4B1EC4CA2D00E10EB8 /* Release */,
			);
			defaultConfigurationIsVisible = 0;
			defaultConfigurationName = Release;
		};
		3F47BC4C1EC4CA2D00E10EB8 /* Build configuration list for PBXNativeTarget "Youtube Playlist" */ = {
			isa = XCConfigurationList;
			buildConfigurations = (
				3F47BC4D1EC4CA2D00E10EB8 /* Debug */,
				3F47BC4E1EC4CA2D00E10EB8 /* Release */,
			);
			defaultConfigurationIsVisible = 0;
			defaultConfigurationName = Release;
		};
		3F47BC4F1EC4CA2D00E10EB8 /* Build configuration list for PBXNativeTarget "Youtube PlaylistTests" */ = {
			isa = XCConfigurationList;
			buildConfigurations = (
				3F47BC501EC4CA2D00E10EB8 /* Debug */,
				3F47BC511EC4CA2D00E10EB8 /* Release */,
			);
			defaultConfigurationIsVisible = 0;
			defaultConfigurationName = Release;
		};
		3F47BC521EC4CA2D00E10EB8 /* Build configuration list for PBXNativeTarget "Youtube PlaylistUITests" */ = {
			isa = XCConfigurationList;
			buildConfigurations = (
				3F47BC531EC4CA2D00E10EB8 /* Debug */,
				3F47BC541EC4CA2D00E10EB8 /* Release */,
			);
			defaultConfigurationIsVisible = 0;
			defaultConfigurationName = Release;
		};
/* End XCConfigurationList section */
	};
	rootObject = 3F47BC1A1EC4CA2D00E10EB8 /* Project object */;
}
